
Microsoft Visual Studio Solution File, Format Version 12.00
# Visual Studio Version 17
VisualStudioVersion = 17.3.32922.545
MinimumVisualStudioVersion = 10.0.40219.1
Project("{FAE04EC0-301F-11D3-BF4B-00C04F79EFBC}") = "KnyguApp1", "KnyguApp1\KnyguApp1.csproj", "{D840F91C-14A9-499A-A832-8C87EF183ADE}"
EndProject
Global
	GlobalSection(SolutionConfigurationPlatforms) = preSolution
		Debug|Any CPU = Debug|Any CPU
		Release|Any CPU = Release|Any CPU
	EndGlobalSection
	GlobalSection(ProjectConfigurationPlatforms) = postSolution
		{D840F91C-14A9-499A-A832-8C87EF183ADE}.Debug|Any CPU.ActiveCfg = Debug|Any CPU
		{D840F91C-14A9-499A-A832-8C87EF183ADE}.Debug|Any CPU.Build.0 = Debug|Any CPU
		{D840F91C-14A9-499A-A832-8C87EF183ADE}.Release|Any CPU.ActiveCfg = Release|Any CPU
		{D840F91C-14A9-499A-A832-8C87EF183ADE}.Release|Any CPU.Build.0 = Release|Any CPU
	EndGlobalSection
	GlobalSection(SolutionProperties) = preSolution
		HideSolutionNode = FALSE
	EndGlobalSection
	GlobalSection(ExtensibilityGlobals) = postSolution
		SolutionGuid = {88853385-69FD-4649-B0A0-0289EEB1977D}
	EndGlobalSection
EndGlobal
